
Microsoft Visual Studio Solution File, Format Version 12.00
# Visual Studio Version 17
VisualStudioVersion = 17.4.33205.214
MinimumVisualStudioVersion = 10.0.40219.1
Project("{9A19103F-16F7-4668-BE54-9A1E7A4F7556}") = "Amadon", "Amadon\Amadon\Amadon.csproj", "{AF7BAFD6-60D9-4B65-9822-3BE827B773B4}"
EndProject
Project("{9A19103F-16F7-4668-BE54-9A1E7A4F7556}") = "UbStandardObjects", "..\Ub\UbStandardObjects\UbStandardObjects.csproj", "{94626519-2734-4048-9B15-AC95FE7BBADF}"
EndProject
Global
	GlobalSection(SolutionConfigurationPlatforms) = preSolution
		Debug|Any CPU = Debug|Any CPU
		Release|Any CPU = Release|Any CPU
	EndGlobalSection
	GlobalSection(ProjectConfigurationPlatforms) = postSolution
		{AF7BAFD6-60D9-4B65-9822-3BE827B773B4}.Debug|Any CPU.ActiveCfg = Debug|Any CPU
		{AF7BAFD6-60D9-4B65-9822-3BE827B773B4}.Debug|Any CPU.Build.0 = Debug|Any CPU
		{AF7BAFD6-60D9-4B65-9822-3BE827B773B4}.Debug|Any CPU.Deploy.0 = Debug|Any CPU
		{AF7BAFD6-60D9-4B65-9822-3BE827B773B4}.Release|Any CPU.ActiveCfg = Release|Any CPU
		{AF7BAFD6-60D9-4B65-9822-3BE827B773B4}.Release|Any CPU.Build.0 = Release|Any CPU
		{AF7BAFD6-60D9-4B65-9822-3BE827B773B4}.Release|Any CPU.Deploy.0 = Release|Any CPU
		{94626519-2734-4048-9B15-AC95FE7BBADF}.Debug|Any CPU.ActiveCfg = Debug|Any CPU
		{94626519-2734-4048-9B15-AC95FE7BBADF}.Debug|Any CPU.Build.0 = Debug|Any CPU
		{94626519-2734-4048-9B15-AC95FE7BBADF}.Release|Any CPU.ActiveCfg = Release|Any CPU
		{94626519-2734-4048-9B15-AC95FE7BBADF}.Release|Any CPU.Build.0 = Release|Any CPU
	EndGlobalSection
	GlobalSection(SolutionProperties) = preSolution
		HideSolutionNode = FALSE
	EndGlobalSection
	GlobalSection(ExtensibilityGlobals) = postSolution
		SolutionGuid = {7441DB8A-00EF-4CA5-A38A-4D7DB67E1FB5}
	EndGlobalSection
EndGlobal
